{
  "version": 1,
  "dependencies": {
    "net9.0": {
      "Serilog": {
        "type": "Direct",
        "requested": "[4.3.0, )",
        "resolved": "4.3.0",
        "contentHash": "+cDryFR0GRhsGOnZSKwaDzRRl4MupvJ42FhCE4zhQRVanX0Jpg6WuCBk59OVhVDPmab1bB+nRykAnykYELA9qQ=="
      },
      "Serilog.Sinks.Console": {
        "type": "Direct",
        "requested": "[6.1.1, )",
        "resolved": "6.1.1",
        "contentHash": "8jbqgjUyZlfCuSTaJk6lOca465OndqOz3KZP6Cryt/IqZYybyBu7GP0fE/AXBzrrQB3EBmQntBFAvMVz1COvAA==",
        "dependencies": {
          "Serilog": "4.0.0"
        }
      },
      "HotChocolate.Abstractions": {
        "type": "Transitive",
        "resolved": "15.1.11",
        "contentHash": "2zGJpvJpJHs6oGj50c8kLTrVxJWATIb77RvqMY5wKuTWxw45am7AjPJQtkie/3GyypLPC2dLYLSvAiBMKA6WKw==",
        "dependencies": {
          "HotChocolate.Primitives": "15.1.11"
        }
      },
      "HotChocolate.Language": {
        "type": "Transitive",
        "resolved": "15.1.11",
        "contentHash": "bQI+xbjpnqqrROz0u4r9r6DooFtKjA6o9Qwx4MA5eUtqYwakzUGgKwgQD/DEka3ST3CS41vfAvpefGR7RiSAog==",
        "dependencies": {
          "HotChocolate.Language.SyntaxTree": "15.1.11",
          "HotChocolate.Language.Utf8": "15.1.11",
          "HotChocolate.Language.Visitors": "15.1.11",
          "HotChocolate.Language.Web": "15.1.11"
        }
      },
      "HotChocolate.Language.SyntaxTree": {
        "type": "Transitive",
        "resolved": "15.1.11",
        "contentHash": "HkSzQOPojIfVa8JUmGl2E2TUcc3gznD4l3thjf3L1UpNT2jO/5LGy//YzvqM4Cdhm5J/4KVCLebPbYc3xjmnhw==",
        "dependencies": {
          "Microsoft.Extensions.ObjectPool": "9.0.2"
        }
      },
      "HotChocolate.Language.Utf8": {
        "type": "Transitive",
        "resolved": "15.1.11",
        "contentHash": "+kpyFMyGqsjqgWokfjhHvfzevQdhD471RP3p+00opn92jEkMx02WIO6Ftpa/ypdJT1VfN0ClZg+S3kOSnLutJg==",
        "dependencies": {
          "HotChocolate.Language.SyntaxTree": "15.1.11"
        }
      },
      "HotChocolate.Language.Visitors": {
        "type": "Transitive",
        "resolved": "15.1.11",
        "contentHash": "XZe4h6AHAg53DTzCkfArRk6oMawljiQtKxWWFUNjHYpoW4SDsZYXC2pOJPZ2uofyi1Enp3VFi/brocoFE3BSXA==",
        "dependencies": {
          "HotChocolate.Language.SyntaxTree": "15.1.11"
        }
      },
      "HotChocolate.Language.Web": {
        "type": "Transitive",
        "resolved": "15.1.11",
        "contentHash": "ni6Uoh1FzXHQ6XkZxCx7IvqR76f2qrng6GO23CoVA2nHiWqUCDR3LLPZfZR00w9XE/65Weu91MtOzz5MFG1rHg==",
        "dependencies": {
          "HotChocolate.Language.Utf8": "15.1.11"
        }
      },
      "HotChocolate.Primitives": {
        "type": "Transitive",
        "resolved": "15.1.11",
        "contentHash": "W+FkWt/oNoFK4PAWHTK1HIW6co6WhAaNyDY/Za4XGE7AYiD6on/t+LJZL1deCubXhOP67G/Rx4MZ7Ojr5+YWNw==",
        "dependencies": {
          "HotChocolate.Language": "15.1.11"
        }
      },
      "Microsoft.Extensions.DependencyInjection.Abstractions": {
        "type": "Transitive",
        "resolved": "9.0.10",
        "contentHash": "r9waLiOPe9ZF1PvzUT+RDoHvpMmY8MW+lb4lqjYGObwKpnyPMLI3odVvlmshwuZcdoHynsGWOrCPA0hxZ63lIA=="
      },
      "Microsoft.Extensions.ObjectPool": {
        "type": "Transitive",
        "resolved": "9.0.2",
        "contentHash": "nWx7uY6lfkmtpyC2dGc0IxtrZZs/LnLCQHw3YYQucbqWj8a27U/dZ+eh72O3ZiolqLzzLkVzoC+w/M8dZwxRTw=="
      },
      "System.ComponentModel.Annotations": {
        "type": "Transitive",
        "resolved": "5.0.0",
        "contentHash": "dMkqfy2el8A8/I76n2Hi1oBFEbG1SfxD2l5nhwXV3XjlnOmwxJlQbYpJH4W51odnU9sARCSAgv7S3CyAFMkpYg=="
      },
      "IZ.Core": {
        "type": "Project",
        "dependencies": {
          "HotChocolate.Abstractions": "[15.1.11, )",
          "Microsoft.Extensions.DependencyInjection.Abstractions": "[9.0.10, )",
          "System.ComponentModel.Annotations": "[5.0.0, )"
        }
      }
    }
  }
}