{
  "version": 1,
  "dependencies": {
    "net9.0": {
      "GoogleAnalyticsTracker.Simple": {
        "type": "Direct",
        "requested": "[7.0.1, )",
        "resolved": "7.0.1",
        "contentHash": "HSWUKBlME9VQl0hm8G73Qhx++MtzTt1YOgOz4Y1rgX2V0hqfbtc2tDYSoMk5CPfKB3VXWA4KX2S/0keVMWuvUQ==",
        "dependencies": {
          "GoogleAnalyticsTracker.Core": "7.0.1"
        }
      },
      "StrawberryShake.Transport.Http": {
        "type": "Direct",
        "requested": "[15.1.11, )",
        "resolved": "15.1.11",
        "contentHash": "8bq72Y8Mhvt+XH4U69Tw35swVyVhb9Iv8afYvLxoeFvHim5qDz0s/xWfuMUgw93lxUOLuNrvQ+nxRkckib5Ylw==",
        "dependencies": {
          "HotChocolate.Transport.Http": "15.1.11",
          "Microsoft.AspNetCore.WebUtilities": "9.0.2",
          "Microsoft.Extensions.DependencyInjection.Abstractions": "9.0.2",
          "Microsoft.Extensions.Http": "9.0.2",
          "StrawberryShake.Core": "15.1.11"
        }
      },
      "GoogleAnalyticsTracker.Core": {
        "type": "Transitive",
        "resolved": "7.0.1",
        "contentHash": "WIeX+4K+fRvOnn16VxaUsSSygaYNhr6m+OkErHpQqJbctx8odLrj85sU7eJXeyF8kgEl0bzzEUOcafc8I8JkkA=="
      },
      "HotChocolate.Abstractions": {
        "type": "Transitive",
        "resolved": "15.1.11",
        "contentHash": "2zGJpvJpJHs6oGj50c8kLTrVxJWATIb77RvqMY5wKuTWxw45am7AjPJQtkie/3GyypLPC2dLYLSvAiBMKA6WKw==",
        "dependencies": {
          "HotChocolate.Primitives": "15.1.11"
        }
      },
      "HotChocolate.Language": {
        "type": "Transitive",
        "resolved": "15.1.11",
        "contentHash": "bQI+xbjpnqqrROz0u4r9r6DooFtKjA6o9Qwx4MA5eUtqYwakzUGgKwgQD/DEka3ST3CS41vfAvpefGR7RiSAog==",
        "dependencies": {
          "HotChocolate.Language.SyntaxTree": "15.1.11",
          "HotChocolate.Language.Utf8": "15.1.11",
          "HotChocolate.Language.Visitors": "15.1.11",
          "HotChocolate.Language.Web": "15.1.11"
        }
      },
      "HotChocolate.Language.SyntaxTree": {
        "type": "Transitive",
        "resolved": "15.1.11",
        "contentHash": "HkSzQOPojIfVa8JUmGl2E2TUcc3gznD4l3thjf3L1UpNT2jO/5LGy//YzvqM4Cdhm5J/4KVCLebPbYc3xjmnhw==",
        "dependencies": {
          "Microsoft.Extensions.ObjectPool": "9.0.2"
        }
      },
      "HotChocolate.Language.Utf8": {
        "type": "Transitive",
        "resolved": "15.1.11",
        "contentHash": "+kpyFMyGqsjqgWokfjhHvfzevQdhD471RP3p+00opn92jEkMx02WIO6Ftpa/ypdJT1VfN0ClZg+S3kOSnLutJg==",
        "dependencies": {
          "HotChocolate.Language.SyntaxTree": "15.1.11"
        }
      },
      "HotChocolate.Language.Visitors": {
        "type": "Transitive",
        "resolved": "15.1.11",
        "contentHash": "XZe4h6AHAg53DTzCkfArRk6oMawljiQtKxWWFUNjHYpoW4SDsZYXC2pOJPZ2uofyi1Enp3VFi/brocoFE3BSXA==",
        "dependencies": {
          "HotChocolate.Language.SyntaxTree": "15.1.11"
        }
      },
      "HotChocolate.Language.Web": {
        "type": "Transitive",
        "resolved": "15.1.11",
        "contentHash": "ni6Uoh1FzXHQ6XkZxCx7IvqR76f2qrng6GO23CoVA2nHiWqUCDR3LLPZfZR00w9XE/65Weu91MtOzz5MFG1rHg==",
        "dependencies": {
          "HotChocolate.Language.Utf8": "15.1.11"
        }
      },
      "HotChocolate.Primitives": {
        "type": "Transitive",
        "resolved": "15.1.11",
        "contentHash": "W+FkWt/oNoFK4PAWHTK1HIW6co6WhAaNyDY/Za4XGE7AYiD6on/t+LJZL1deCubXhOP67G/Rx4MZ7Ojr5+YWNw==",
        "dependencies": {
          "HotChocolate.Language": "15.1.11"
        }
      },
      "HotChocolate.Transport.Abstractions": {
        "type": "Transitive",
        "resolved": "15.1.11",
        "contentHash": "Itzn5DlRgH8DcDBNLMZ8P3zcvN/52ilyybEqy8KIGw47DvbYk4HGZBI2yD11V/61htFnPDLkaGKef5iWjuh1ow==",
        "dependencies": {
          "HotChocolate.Language.SyntaxTree": "15.1.11",
          "HotChocolate.Utilities.Buffers": "15.1.11"
        }
      },
      "HotChocolate.Transport.Http": {
        "type": "Transitive",
        "resolved": "15.1.11",
        "contentHash": "sMfEyo086sOZ77q3CpiNT9Qi9f/G9ickICfof3N64CSADnd8nEu9kETqpi1ZyxC+LEbNPPpkCQnNBB0uEa8MsQ==",
        "dependencies": {
          "HotChocolate.Transport.Abstractions": "15.1.11",
          "HotChocolate.Utilities": "15.1.11",
          "HotChocolate.Utilities.Buffers": "15.1.11",
          "System.IO.Pipelines": "9.0.2"
        }
      },
      "HotChocolate.Utilities": {
        "type": "Transitive",
        "resolved": "15.1.11",
        "contentHash": "L3s+JcELmABlI+PTyj5tTNI/AuuHS80PLaMz2Lm+xHif8+5fb+jajzX3HimP2ERQ0HJW5rR05mh4K7jX4TN7ZA==",
        "dependencies": {
          "Microsoft.Extensions.DependencyInjection.Abstractions": "9.0.2"
        }
      },
      "HotChocolate.Utilities.Buffers": {
        "type": "Transitive",
        "resolved": "15.1.11",
        "contentHash": "WBJQUGflyzy6sHcLStfQwDdgNJXhb1iNuXAm4CBsXAmYTYEyHbzggvjsQQwBL78Ui4WXInLO9Pj5yTzZdklmkg=="
      },
      "Microsoft.AspNetCore.WebUtilities": {
        "type": "Transitive",
        "resolved": "9.0.2",
        "contentHash": "6am1vl7i7ODhQ6rrzmSyeaa8egIm8N+iwXbu1rEKJnCtlGn+xPBNhBx+ucaMonMVbfWxcvWptL0ap8guxrMOGw==",
        "dependencies": {
          "Microsoft.Net.Http.Headers": "9.0.2"
        }
      },
      "Microsoft.Extensions.Configuration": {
        "type": "Transitive",
        "resolved": "9.0.2",
        "contentHash": "EBZW+u96tApIvNtjymXEIS44tH0I/jNwABHo4c33AchWOiDWCq2rL3klpnIo+xGrxoVGJzPDISV6hZ+a9C9SzQ==",
        "dependencies": {
          "Microsoft.Extensions.Configuration.Abstractions": "9.0.2",
          "Microsoft.Extensions.Primitives": "9.0.2"
        }
      },
      "Microsoft.Extensions.Configuration.Abstractions": {
        "type": "Transitive",
        "resolved": "9.0.2",
        "contentHash": "I0O/270E/lUNqbBxlRVjxKOMZyYjP88dpEgQTveml+h2lTzAP4vbawLVwjS9SC7lKaU893bwyyNz0IVJYsm9EA==",
        "dependencies": {
          "Microsoft.Extensions.Primitives": "9.0.2"
        }
      },
      "Microsoft.Extensions.Configuration.Binder": {
        "type": "Transitive",
        "resolved": "9.0.2",
        "contentHash": "krJ04xR0aPXrOf5dkNASg6aJjsdzexvsMRL6UNOUjiTzqBvRr95sJ1owoKEm89bSONQCfZNhHrAFV9ahDqIPIw==",
        "dependencies": {
          "Microsoft.Extensions.Configuration.Abstractions": "9.0.2"
        }
      },
      "Microsoft.Extensions.DependencyInjection": {
        "type": "Transitive",
        "resolved": "9.0.2",
        "contentHash": "ZffbJrskOZ40JTzcTyKwFHS5eACSWp2bUQBBApIgGV+es8RaTD4OxUG7XxFr3RIPLXtYQ1jQzF2DjKB5fZn7Qg==",
        "dependencies": {
          "Microsoft.Extensions.DependencyInjection.Abstractions": "9.0.2"
        }
      },
      "Microsoft.Extensions.DependencyInjection.Abstractions": {
        "type": "Transitive",
        "resolved": "9.0.10",
        "contentHash": "r9waLiOPe9ZF1PvzUT+RDoHvpMmY8MW+lb4lqjYGObwKpnyPMLI3odVvlmshwuZcdoHynsGWOrCPA0hxZ63lIA=="
      },
      "Microsoft.Extensions.Diagnostics": {
        "type": "Transitive",
        "resolved": "9.0.2",
        "contentHash": "kwFWk6DPaj1Roc0CExRv+TTwjsiERZA730jQIPlwCcS5tMaCAQtaGfwAK0z8CMFpVTiT+MgKXpd/P50qVCuIgg==",
        "dependencies": {
          "Microsoft.Extensions.Configuration": "9.0.2",
          "Microsoft.Extensions.Diagnostics.Abstractions": "9.0.2",
          "Microsoft.Extensions.Options.ConfigurationExtensions": "9.0.2"
        }
      },
      "Microsoft.Extensions.Diagnostics.Abstractions": {
        "type": "Transitive",
        "resolved": "9.0.2",
        "contentHash": "kFwIZEC/37cwKuEm/nXvjF7A/Myz9O7c7P9Csgz6AOiiDE62zdOG5Bu7VkROu1oMYaX0wgijPJ5LqVt6+JKjVg==",
        "dependencies": {
          "Microsoft.Extensions.DependencyInjection.Abstractions": "9.0.2",
          "Microsoft.Extensions.Options": "9.0.2"
        }
      },
      "Microsoft.Extensions.Http": {
        "type": "Transitive",
        "resolved": "9.0.2",
        "contentHash": "34+kcwxPZr3Owk9eZx268+gqGNB8G/8Y96gZHomxam0IOH08FhPBjPrLWDtKdVn4+sVUUJnJMpECSTJi4XXCcg==",
        "dependencies": {
          "Microsoft.Extensions.Configuration.Abstractions": "9.0.2",
          "Microsoft.Extensions.DependencyInjection.Abstractions": "9.0.2",
          "Microsoft.Extensions.Diagnostics": "9.0.2",
          "Microsoft.Extensions.Logging": "9.0.2",
          "Microsoft.Extensions.Logging.Abstractions": "9.0.2",
          "Microsoft.Extensions.Options": "9.0.2"
        }
      },
      "Microsoft.Extensions.Logging": {
        "type": "Transitive",
        "resolved": "9.0.2",
        "contentHash": "loV/0UNpt2bD+6kCDzFALVE63CDtqzPeC0LAetkdhiEr/tTNbvOlQ7CBResH7BQBd3cikrwiBfaHdyHMFUlc2g==",
        "dependencies": {
          "Microsoft.Extensions.DependencyInjection": "9.0.2",
          "Microsoft.Extensions.Logging.Abstractions": "9.0.2",
          "Microsoft.Extensions.Options": "9.0.2"
        }
      },
      "Microsoft.Extensions.Logging.Abstractions": {
        "type": "Transitive",
        "resolved": "9.0.2",
        "contentHash": "dV9s2Lamc8jSaqhl2BQSPn/AryDIH2sSbQUyLitLXV0ROmsb+SROnn2cH939JFbsNrnf3mIM3GNRKT7P0ldwLg==",
        "dependencies": {
          "Microsoft.Extensions.DependencyInjection.Abstractions": "9.0.2"
        }
      },
      "Microsoft.Extensions.ObjectPool": {
        "type": "Transitive",
        "resolved": "9.0.2",
        "contentHash": "nWx7uY6lfkmtpyC2dGc0IxtrZZs/LnLCQHw3YYQucbqWj8a27U/dZ+eh72O3ZiolqLzzLkVzoC+w/M8dZwxRTw=="
      },
      "Microsoft.Extensions.Options": {
        "type": "Transitive",
        "resolved": "9.0.2",
        "contentHash": "zr98z+AN8+isdmDmQRuEJ/DAKZGUTHmdv3t0ZzjHvNqvA44nAgkXE9kYtfoN6581iALChhVaSw2Owt+Z2lVbkQ==",
        "dependencies": {
          "Microsoft.Extensions.DependencyInjection.Abstractions": "9.0.2",
          "Microsoft.Extensions.Primitives": "9.0.2"
        }
      },
      "Microsoft.Extensions.Options.ConfigurationExtensions": {
        "type": "Transitive",
        "resolved": "9.0.2",
        "contentHash": "OPm1NXdMg4Kb4Kz+YHdbBQfekh7MqQZ7liZ5dYUd+IbJakinv9Fl7Ck6Strbgs0a6E76UGbP/jHR532K/7/feQ==",
        "dependencies": {
          "Microsoft.Extensions.Configuration.Abstractions": "9.0.2",
          "Microsoft.Extensions.Configuration.Binder": "9.0.2",
          "Microsoft.Extensions.DependencyInjection.Abstractions": "9.0.2",
          "Microsoft.Extensions.Options": "9.0.2",
          "Microsoft.Extensions.Primitives": "9.0.2"
        }
      },
      "Microsoft.Extensions.Primitives": {
        "type": "Transitive",
        "resolved": "9.0.2",
        "contentHash": "puBMtKe/wLuYa7H6docBkLlfec+h8L35DXqsDKKJgW0WY5oCwJ3cBJKcDaZchv6knAyqOMfsl6VUbaR++E5LXA=="
      },
      "Microsoft.Net.Http.Headers": {
        "type": "Transitive",
        "resolved": "9.0.2",
        "contentHash": "DJHjP1cTSu+sMt0vdNFLH9/wLHkq3EZk6BPZKI/R9anry41Ng/TOOZM0iXo+stXlY3LivTW/70Y26oMVGgTsTg==",
        "dependencies": {
          "Microsoft.Extensions.Primitives": "9.0.2"
        }
      },
      "StrawberryShake.Core": {
        "type": "Transitive",
        "resolved": "15.1.11",
        "contentHash": "bJFza5OGdsFzzJE9hktZ7mbhV85DII78DgSNVMB1hVoabhC1MYdy2J3j3p/nWlR/sFtHfFuGck/3nozLtDdTVQ==",
        "dependencies": {
          "Microsoft.Extensions.DependencyInjection.Abstractions": "9.0.2",
          "StrawberryShake.Resources": "15.1.11"
        }
      },
      "StrawberryShake.Resources": {
        "type": "Transitive",
        "resolved": "15.1.11",
        "contentHash": "i1TNpRWLlh3lGu2vRf+yGtltp/zL5/xK+NoDcIFRTWZwVRq6VbAt9LgeROlh/7snsiM1CbWbBqQQ7i4TgI3YZA=="
      },
      "System.ComponentModel.Annotations": {
        "type": "Transitive",
        "resolved": "5.0.0",
        "contentHash": "dMkqfy2el8A8/I76n2Hi1oBFEbG1SfxD2l5nhwXV3XjlnOmwxJlQbYpJH4W51odnU9sARCSAgv7S3CyAFMkpYg=="
      },
      "System.IO.Pipelines": {
        "type": "Transitive",
        "resolved": "9.0.2",
        "contentHash": "UIBaK7c/A3FyQxmX/747xw4rCUkm1BhNiVU617U5jweNJssNjLJkPUGhBsrlDG0BpKWCYKsncD+Kqpy4KmvZZQ=="
      },
      "IZ.Core": {
        "type": "Project",
        "dependencies": {
          "HotChocolate.Abstractions": "[15.1.11, )",
          "Microsoft.Extensions.DependencyInjection.Abstractions": "[9.0.10, )",
          "System.ComponentModel.Annotations": "[5.0.0, )"
        }
      }
    }
  }
}