{
  "version": 1,
  "dependencies": {
    "net9.0": {
      "HotChocolate.AspNetCore": {
        "type": "Direct",
        "requested": "[15.1.11, )",
        "resolved": "15.1.11",
        "contentHash": "ZRefY+1XUJ0JVjElSubp45b9cekTPN21pJhdlIQvqZVn5F4LL6iOkqeZWt8WWMN+hQKZkEXqvogUM0ca9YFDgA==",
        "dependencies": {
          "ChilliCream.Nitro.App": "28.0.7",
          "HotChocolate": "15.1.11",
          "HotChocolate.Subscriptions.InMemory": "15.1.11",
          "HotChocolate.Transport.Sockets": "15.1.11",
          "HotChocolate.Types.Scalars.Upload": "15.1.11",
          "HotChocolate.Utilities.DependencyInjection": "15.1.11"
        }
      },
      "HotChocolate.AspNetCore.Authorization": {
        "type": "Direct",
        "requested": "[15.1.11, )",
        "resolved": "15.1.11",
        "contentHash": "f4tyFyV2Hmovf2VQ8E3RUNJxbWMFVPx/waYXxMYDqx9Psog1hpJlElvaJoSQo4P+hQS7l+FJGAu2CaNTfUp2rA==",
        "dependencies": {
          "HotChocolate": "15.1.11"
        }
      },
      "HotChocolate.Subscriptions.Redis": {
        "type": "Direct",
        "requested": "[15.1.11, )",
        "resolved": "15.1.11",
        "contentHash": "FMKy/tc1J7pqXEKvuw49oUa+ZWpzUAZGkXoNT79IZhr4EwLf3JsNXk5b9AufgmLBpQx/TKameLLU3n6DH9l+aA==",
        "dependencies": {
          "HotChocolate.Execution.Abstractions": "15.1.11",
          "HotChocolate.Subscriptions": "15.1.11",
          "Microsoft.Extensions.DependencyInjection.Abstractions": "9.0.2",
          "StackExchange.Redis": "2.6.80"
        }
      },
      "IdentityModel": {
        "type": "Direct",
        "requested": "[7.0.0, )",
        "resolved": "7.0.0",
        "contentHash": "to99aLL5Gev1GOb2gUao/UZXT/uXMyjEmHPNrf/vJI2HBD1LMCTeC4SBCe/cqMIB12V9v+eSieq7ff0lju9pOQ=="
      },
      "Microsoft.AspNetCore.Authorization": {
        "type": "Direct",
        "requested": "[9.0.10, )",
        "resolved": "9.0.10",
        "contentHash": "odY40/4vXt1tHeuc89zjEPfx0i0c2jurKW9r884v92i6BGasJkCKTtnIGIREBqnTn+HB4uZLipOdWG/GczQwnQ==",
        "dependencies": {
          "Microsoft.AspNetCore.Metadata": "9.0.10",
          "Microsoft.Extensions.Logging.Abstractions": "9.0.10",
          "Microsoft.Extensions.Options": "9.0.10"
        }
      },
      "Microsoft.AspNetCore.Hosting.Abstractions": {
        "type": "Direct",
        "requested": "[2.3.0, )",
        "resolved": "2.3.0",
        "contentHash": "4ivq53W2k6Nj4eez9wc81ytfGj6HR1NaZJCpOrvghJo9zHuQF57PLhPoQH5ItyCpHXnrN/y7yJDUm+TGYzrx0w==",
        "dependencies": {
          "Microsoft.AspNetCore.Hosting.Server.Abstractions": "2.3.0",
          "Microsoft.AspNetCore.Http.Abstractions": "2.3.0",
          "Microsoft.Extensions.Hosting.Abstractions": "8.0.1"
        }
      },
      "Microsoft.AspNetCore.Http": {
        "type": "Direct",
        "requested": "[2.3.0, )",
        "resolved": "2.3.0",
        "contentHash": "I9azEG2tZ4DDHAFgv+N38e6Yhttvf+QjE2j2UYyCACE7Swm5/0uoihCMWZ87oOZYeqiEFSxbsfpT71OYHe2tpw==",
        "dependencies": {
          "Microsoft.AspNetCore.Http.Abstractions": "2.3.0",
          "Microsoft.AspNetCore.WebUtilities": "2.3.0",
          "Microsoft.Extensions.ObjectPool": "8.0.11",
          "Microsoft.Extensions.Options": "8.0.2",
          "Microsoft.Net.Http.Headers": "2.3.0"
        }
      },
      "SendGrid": {
        "type": "Direct",
        "requested": "[9.29.3, )",
        "resolved": "9.29.3",
        "contentHash": "nb/zHePecN9U4/Bmct+O+lpgK994JklbCCNMIgGPOone/DngjQoMCHeTvkl+m0Nglvm0dqMEshmvB4fO8eF3dA==",
        "dependencies": {
          "Newtonsoft.Json": "13.0.1",
          "starkbank-ecdsa": "[1.3.3, 2.0.0)"
        }
      },
      "Serilog.AspNetCore": {
        "type": "Direct",
        "requested": "[9.0.0, )",
        "resolved": "9.0.0",
        "contentHash": "JslDajPlBsn3Pww1554flJFTqROvK9zz9jONNQgn0D8Lx2Trw8L0A8/n6zEQK1DAZWXrJwiVLw8cnTR3YFuYsg==",
        "dependencies": {
          "Serilog": "4.2.0",
          "Serilog.Extensions.Hosting": "9.0.0",
          "Serilog.Formatting.Compact": "3.0.0",
          "Serilog.Settings.Configuration": "9.0.0",
          "Serilog.Sinks.Console": "6.0.0",
          "Serilog.Sinks.Debug": "3.0.0",
          "Serilog.Sinks.File": "6.0.0"
        }
      },
      "Serilog.Settings.Configuration": {
        "type": "Direct",
        "requested": "[9.0.0, )",
        "resolved": "9.0.0",
        "contentHash": "4/Et4Cqwa+F88l5SeFeNZ4c4Z6dEAIKbu3MaQb2Zz9F/g27T5a3wvfMcmCOaAiACjfUb4A6wrlTVfyYUZk3RRQ==",
        "dependencies": {
          "Microsoft.Extensions.Configuration.Binder": "9.0.0",
          "Microsoft.Extensions.DependencyModel": "9.0.0",
          "Serilog": "4.2.0"
        }
      },
      "Serilog.Sinks.Console": {
        "type": "Direct",
        "requested": "[6.1.1, )",
        "resolved": "6.1.1",
        "contentHash": "8jbqgjUyZlfCuSTaJk6lOca465OndqOz3KZP6Cryt/IqZYybyBu7GP0fE/AXBzrrQB3EBmQntBFAvMVz1COvAA==",
        "dependencies": {
          "Serilog": "4.0.0"
        }
      },
      "ChilliCream.Nitro.App": {
        "type": "Transitive",
        "resolved": "28.0.7",
        "contentHash": "G6CZod8ForeoVMXigRyAxTTqiiUYcppE85UY/zy4XLMunpF1Ginn5njWK+F+93bw3x5SssPR/fexEpOtQqkVLw==",
        "dependencies": {
          "Yarp.ReverseProxy": "2.3.0"
        }
      },
      "Datadog.Trace": {
        "type": "Transitive",
        "resolved": "3.30.0",
        "contentHash": "a1td3jj9DKgeOdXdQDNbRbrZsqw+LdyByvFghUeoItWKvu7qW9zD50a12Mek8378Wqgqdnherf3hT9K983bSvw==",
        "dependencies": {
          "System.Diagnostics.DiagnosticSource": "4.4.1"
        }
      },
      "DogStatsD-CSharp-Client": {
        "type": "Transitive",
        "resolved": "9.0.0",
        "contentHash": "H4GtSuCIgRnEmkM9wQJCOczxONISLY2/qJB31leVQBFcEVKzV5/Pj/PELtWEqzLg1TKW+hYD5/uc4e25tnJLBA==",
        "dependencies": {
          "Mono.Unix": "7.1.0-final.1.21458.1"
        }
      },
      "GreenDonut": {
        "type": "Transitive",
        "resolved": "15.1.11",
        "contentHash": "IEejwPSdiHFkDIYYaU6scQZs5USYZ4coKF0kTbIgKw2tl6nEJP+rcxxH/qQWgWssOgebbuXAwSBDIXrH3l9/bQ==",
        "dependencies": {
          "GreenDonut.Abstractions": "15.1.11",
          "Microsoft.Extensions.DependencyInjection.Abstractions": "9.0.2",
          "Microsoft.Extensions.ObjectPool": "9.0.2"
        }
      },
      "GreenDonut.Abstractions": {
        "type": "Transitive",
        "resolved": "15.1.11",
        "contentHash": "aFhJnPgWs8iDOZaJae4uZKBMpo/jb9uDbtvhZfT/XRyp4u3sU+0vBl+8hVGm9ZTar8CJGZTxERCKaijrxPQ/zg=="
      },
      "GreenDonut.Data": {
        "type": "Transitive",
        "resolved": "15.1.11",
        "contentHash": "4aAvbAlMtYsHBT3tpjPbdva3rzCKJ0I9qcHI1nxQBfhHeRTJTWeC952ZeuXMUpvn0jNEUQyenR21Mi96nWsEmA==",
        "dependencies": {
          "GreenDonut": "15.1.11",
          "GreenDonut.Data.Abstractions": "15.1.11"
        }
      },
      "GreenDonut.Data.Abstractions": {
        "type": "Transitive",
        "resolved": "15.1.11",
        "contentHash": "0cCVqhye3ZxZyQ5JJsjXsvlkEgm/6nk8yLDAPhKnRqosuoIaqi+YiFDM/RsQBjeV+5c6+Wy6AVUcOnwi5vrQyQ==",
        "dependencies": {
          "GreenDonut.Abstractions": "15.1.11",
          "GreenDonut.Data.Primitives": "15.1.11"
        }
      },
      "GreenDonut.Data.EntityFramework": {
        "type": "Transitive",
        "resolved": "15.1.11",
        "contentHash": "M+7ue5S5V4rnIT5uyzkuz/RQqcGVvpcYdgZJwF3adlRXNGyg0F2UhRayXOYIMic2BYkX5Azz83AVhujBn3l4Jw==",
        "dependencies": {
          "GreenDonut.Data": "15.1.11",
          "Microsoft.EntityFrameworkCore": "9.0.2"
        }
      },
      "GreenDonut.Data.Primitives": {
        "type": "Transitive",
        "resolved": "15.1.11",
        "contentHash": "Ut3OcfRWD2bIdUoV5SGt65wL2tb6ZnLSkWKsAPXPvQCqHBt8Pj9E2/JAmPsLl+NypLidByYEdUFbEy1+9/sAMA=="
      },
      "HotChocolate": {
        "type": "Transitive",
        "resolved": "15.1.11",
        "contentHash": "/HRQXmG6aN3EbdD9OqftwogeWfBhkT93k7RP5/v9phle4Llj2G1JOpZQrdq8R9qKfZsVYtcaO0ZPY1BfZMIuWQ==",
        "dependencies": {
          "HotChocolate.Authorization": "15.1.11",
          "HotChocolate.CostAnalysis": "15.1.11",
          "HotChocolate.Execution": "15.1.11",
          "HotChocolate.Execution.Projections": "15.1.11",
          "HotChocolate.Fetching": "15.1.11",
          "HotChocolate.Types": "15.1.11",
          "HotChocolate.Types.CursorPagination": "15.1.11",
          "HotChocolate.Types.CursorPagination.Extensions": "15.1.11",
          "HotChocolate.Types.Mutations": "15.1.11",
          "HotChocolate.Types.Queries": "15.1.11",
          "HotChocolate.Validation": "15.1.11"
        }
      },
      "HotChocolate.Abstractions": {
        "type": "Transitive",
        "resolved": "15.1.11",
        "contentHash": "2zGJpvJpJHs6oGj50c8kLTrVxJWATIb77RvqMY5wKuTWxw45am7AjPJQtkie/3GyypLPC2dLYLSvAiBMKA6WKw==",
        "dependencies": {
          "HotChocolate.Primitives": "15.1.11"
        }
      },
      "HotChocolate.Authorization": {
        "type": "Transitive",
        "resolved": "15.1.11",
        "contentHash": "7DTy1DStC1DcTvHzbSx/LEh1y4X4XK/aTwCcGlTAdLuEUAUFN3nV90xqE6ZBlyAKF3BetP/mgRwV3HaBSTlniw==",
        "dependencies": {
          "HotChocolate.Execution": "15.1.11"
        }
      },
      "HotChocolate.CostAnalysis": {
        "type": "Transitive",
        "resolved": "15.1.11",
        "contentHash": "YV2KIX5Gnlo/Q1uevoTngwnIXxrx5dN62T0ym8J/tkNeva+MI9YgIaf2LqMguhexYDTChlDArLpk4sDhxjAfoA==",
        "dependencies": {
          "HotChocolate.Execution": "15.1.11",
          "HotChocolate.Types": "15.1.11"
        }
      },
      "HotChocolate.Data": {
        "type": "Transitive",
        "resolved": "15.1.11",
        "contentHash": "HTlBGEwQdLu8BQTS9oRvOBD4SRsTZvkcS7IUVCsfP53fpbaE+wNwWXPIwnoheg+qJuCsG5PmsUd2Ec13/FdqXw==",
        "dependencies": {
          "GreenDonut.Data": "15.1.11",
          "GreenDonut.Data.Abstractions": "15.1.11",
          "GreenDonut.Data.Primitives": "15.1.11",
          "HotChocolate.Execution": "15.1.11",
          "HotChocolate.Execution.Projections": "15.1.11",
          "HotChocolate.Types.CursorPagination": "15.1.11"
        }
      },
      "HotChocolate.Data.EntityFramework": {
        "type": "Transitive",
        "resolved": "15.1.11",
        "contentHash": "t1jnRlhtGoFA2RWUjmwMWfVE402IqJZfCHLwq4wgRbIApLi9aOu6j84rAuqTuAEP8zfnyj96kp5ZHj1M39d1Rw==",
        "dependencies": {
          "GreenDonut.Data": "15.1.11",
          "GreenDonut.Data.Abstractions": "15.1.11",
          "GreenDonut.Data.EntityFramework": "15.1.11",
          "HotChocolate": "15.1.11",
          "HotChocolate.Data": "15.1.11",
          "Microsoft.EntityFrameworkCore": "9.0.2"
        }
      },
      "HotChocolate.Execution": {
        "type": "Transitive",
        "resolved": "15.1.11",
        "contentHash": "M4xB56P1rFQsUHer3SXHUGeF+EJhVtlMcJiJkdkSd2CFsfYC/3jeGfrouroNTZqpnUNmYc0ke0f+hN6Dc+Kt7g==",
        "dependencies": {
          "HotChocolate.Abstractions": "15.1.11",
          "HotChocolate.Execution.Abstractions": "15.1.11",
          "HotChocolate.Fetching": "15.1.11",
          "HotChocolate.Types": "15.1.11",
          "HotChocolate.Utilities.DependencyInjection": "15.1.11",
          "HotChocolate.Validation": "15.1.11",
          "Microsoft.Extensions.DependencyInjection": "9.0.2",
          "System.IO.Pipelines": "9.0.2"
        }
      },
      "HotChocolate.Execution.Abstractions": {
        "type": "Transitive",
        "resolved": "15.1.11",
        "contentHash": "GVt2qRXN69+NVD7WbOymoxq5o2V/1mBmFHDf5u1QuF/LF3CvIpMQhktniEyiA0E//Y2KRHdakl4wE9dKKzqOsA==",
        "dependencies": {
          "HotChocolate.Abstractions": "15.1.11",
          "Microsoft.Extensions.DependencyInjection.Abstractions": "9.0.2"
        }
      },
      "HotChocolate.Execution.Projections": {
        "type": "Transitive",
        "resolved": "15.1.11",
        "contentHash": "hkFV37OX/DglsHyhFsQaull2xGz0D1JImhWRUINI5dJZkI6Q3HkCXaATDDJukQzyBfkyQAWma+P3jG4HAAOg4Q==",
        "dependencies": {
          "GreenDonut.Data": "15.1.11",
          "GreenDonut.Data.Abstractions": "15.1.11",
          "GreenDonut.Data.Primitives": "15.1.11",
          "HotChocolate.Execution": "15.1.11"
        }
      },
      "HotChocolate.Features": {
        "type": "Transitive",
        "resolved": "15.1.11",
        "contentHash": "OHXKa1z4M1cW9CtyJGbdpPdnW2o7Zi0XM6RGtS6+tIjtFm4x5b9W14t2P+pMfPPw8iEjW4KwUVYluEIV1XW7RA=="
      },
      "HotChocolate.Fetching": {
        "type": "Transitive",
        "resolved": "15.1.11",
        "contentHash": "VrVHLD6wX7ZxR3TJkSM8WfMednWfLJGWUUb5Bo0aeCI7kZ+DKUA6YJcIUOAipHe/JR08MbZoHlHpX8RfbKlMkw==",
        "dependencies": {
          "GreenDonut": "15.1.11",
          "HotChocolate.Types": "15.1.11"
        }
      },
      "HotChocolate.Language": {
        "type": "Transitive",
        "resolved": "15.1.11",
        "contentHash": "bQI+xbjpnqqrROz0u4r9r6DooFtKjA6o9Qwx4MA5eUtqYwakzUGgKwgQD/DEka3ST3CS41vfAvpefGR7RiSAog==",
        "dependencies": {
          "HotChocolate.Language.SyntaxTree": "15.1.11",
          "HotChocolate.Language.Utf8": "15.1.11",
          "HotChocolate.Language.Visitors": "15.1.11",
          "HotChocolate.Language.Web": "15.1.11"
        }
      },
      "HotChocolate.Language.SyntaxTree": {
        "type": "Transitive",
        "resolved": "15.1.11",
        "contentHash": "HkSzQOPojIfVa8JUmGl2E2TUcc3gznD4l3thjf3L1UpNT2jO/5LGy//YzvqM4Cdhm5J/4KVCLebPbYc3xjmnhw==",
        "dependencies": {
          "Microsoft.Extensions.ObjectPool": "9.0.2"
        }
      },
      "HotChocolate.Language.Utf8": {
        "type": "Transitive",
        "resolved": "15.1.11",
        "contentHash": "+kpyFMyGqsjqgWokfjhHvfzevQdhD471RP3p+00opn92jEkMx02WIO6Ftpa/ypdJT1VfN0ClZg+S3kOSnLutJg==",
        "dependencies": {
          "HotChocolate.Language.SyntaxTree": "15.1.11"
        }
      },
      "HotChocolate.Language.Visitors": {
        "type": "Transitive",
        "resolved": "15.1.11",
        "contentHash": "XZe4h6AHAg53DTzCkfArRk6oMawljiQtKxWWFUNjHYpoW4SDsZYXC2pOJPZ2uofyi1Enp3VFi/brocoFE3BSXA==",
        "dependencies": {
          "HotChocolate.Language.SyntaxTree": "15.1.11"
        }
      },
      "HotChocolate.Language.Web": {
        "type": "Transitive",
        "resolved": "15.1.11",
        "contentHash": "ni6Uoh1FzXHQ6XkZxCx7IvqR76f2qrng6GO23CoVA2nHiWqUCDR3LLPZfZR00w9XE/65Weu91MtOzz5MFG1rHg==",
        "dependencies": {
          "HotChocolate.Language.Utf8": "15.1.11"
        }
      },
      "HotChocolate.Primitives": {
        "type": "Transitive",
        "resolved": "15.1.11",
        "contentHash": "W+FkWt/oNoFK4PAWHTK1HIW6co6WhAaNyDY/Za4XGE7AYiD6on/t+LJZL1deCubXhOP67G/Rx4MZ7Ojr5+YWNw==",
        "dependencies": {
          "HotChocolate.Language": "15.1.11"
        }
      },
      "HotChocolate.Subscriptions": {
        "type": "Transitive",
        "resolved": "15.1.11",
        "contentHash": "eq7ysrmvLaiJqIwz+j66u7L0yueRgPtml5TniBC9kG5Nw8tvohxIN8uD/joIp0vwmL3XuwoFE9a5XLBg+rlcOw==",
        "dependencies": {
          "HotChocolate.Abstractions": "15.1.11",
          "HotChocolate.Execution.Abstractions": "15.1.11",
          "HotChocolate.Utilities": "15.1.11"
        }
      },
      "HotChocolate.Subscriptions.InMemory": {
        "type": "Transitive",
        "resolved": "15.1.11",
        "contentHash": "ub3IGEMF1Z/GFwKjDvy1cQds1Et/6XbjtVdw3hhBtScJujm3HgmfTis4v79tPyfr7IgeMmz7JS7opBIDKc5VAA==",
        "dependencies": {
          "HotChocolate.Execution.Abstractions": "15.1.11",
          "HotChocolate.Subscriptions": "15.1.11",
          "Microsoft.Extensions.DependencyInjection.Abstractions": "9.0.2"
        }
      },
      "HotChocolate.Transport.Sockets": {
        "type": "Transitive",
        "resolved": "15.1.11",
        "contentHash": "+bOteRrC40oeF/5mktTKqW0e/x7sCIGbSNwG4l318BlzgdDs7fgvocN7c4HTolJWGIawGIl8MRITak6iuWFsHA==",
        "dependencies": {
          "System.IO.Pipelines": "9.0.2"
        }
      },
      "HotChocolate.Types": {
        "type": "Transitive",
        "resolved": "15.1.11",
        "contentHash": "by/IV06cnXu+/E80knnD2QSPpOOJ+zPTH1FffTlEZt/J6zHjpoHCGoWQRxmhAKoyn93xZx9YkWR1Zc2DE/8gaw==",
        "dependencies": {
          "GreenDonut": "15.1.11",
          "HotChocolate.Abstractions": "15.1.11",
          "HotChocolate.Features": "15.1.11",
          "HotChocolate.Types.Shared": "15.1.11",
          "HotChocolate.Utilities": "15.1.11",
          "Microsoft.Extensions.DependencyInjection": "9.0.2",
          "Microsoft.Extensions.ObjectPool": "9.0.2"
        }
      },
      "HotChocolate.Types.CursorPagination": {
        "type": "Transitive",
        "resolved": "15.1.11",
        "contentHash": "tRrBx83l4conzicX0z/XYfmXsg4OxfEAnnd5H7MHCGFGtpENXEGPgMJZ2scIEAn7wNcNMolF2kljXXEthtebag==",
        "dependencies": {
          "HotChocolate.Execution.Abstractions": "15.1.11",
          "HotChocolate.Types": "15.1.11"
        }
      },
      "HotChocolate.Types.CursorPagination.Extensions": {
        "type": "Transitive",
        "resolved": "15.1.11",
        "contentHash": "h/8W+fRQF4og+9tTcn8wsgeih4wLoIkHMvXGptqF1BzS2lw41tZhH8j5tzf9AjPCxEceNMUILXKWbeoHr6ANPQ==",
        "dependencies": {
          "GreenDonut.Data": "15.1.11",
          "HotChocolate.Types.CursorPagination": "15.1.11"
        }
      },
      "HotChocolate.Types.Errors": {
        "type": "Transitive",
        "resolved": "15.1.11",
        "contentHash": "Hd+7w5LlzwqvfFwwz/l1iJSl7cCZyBtvvxM9OBqXK1M9wF0z7Y02b5kmdXek8xvuVUTCRvYcUq/3x00PEbyJUA==",
        "dependencies": {
          "HotChocolate.Execution": "15.1.11"
        }
      },
      "HotChocolate.Types.Mutations": {
        "type": "Transitive",
        "resolved": "15.1.11",
        "contentHash": "zonqvzAZQOBNyybF3e6AyqC5o002CevU165aTIsWlJJ7+6yFVkAMZkrK6oJEIyXu7Fq3WAGufU38rchVfjmCLQ==",
        "dependencies": {
          "HotChocolate.Execution": "15.1.11",
          "HotChocolate.Types.Errors": "15.1.11"
        }
      },
      "HotChocolate.Types.Queries": {
        "type": "Transitive",
        "resolved": "15.1.11",
        "contentHash": "9Mk+w55ZnxB55nt9hBh58N6lV8UIcay9xXpyScdi8fB5pkPvcoR4OYpvrjt7nrlJppD+N+hxNkl1KsgEddN/3g==",
        "dependencies": {
          "HotChocolate.Execution": "15.1.11",
          "HotChocolate.Types.Errors": "15.1.11"
        }
      },
      "HotChocolate.Types.Scalars": {
        "type": "Transitive",
        "resolved": "15.1.11",
        "contentHash": "c/hhpAoDlZ6QWq/gikC1K9z3v+RLKSGi7G3MFbiCzIhfthuGb14mdqm+cnQdsphQnoAm80l5KcNXsUbNfvxc4g==",
        "dependencies": {
          "HotChocolate.Types": "15.1.11"
        }
      },
      "HotChocolate.Types.Scalars.Upload": {
        "type": "Transitive",
        "resolved": "15.1.11",
        "contentHash": "d/pRbbqDvnk+YoGu4Yd7N/HtTSlvT/ONfraAOSHXW9IxkJqG667EqBmQ0y2/RR/QSvy+WQVpZYnpg7NBFXySYA==",
        "dependencies": {
          "HotChocolate.Types": "15.1.11"
        }
      },
      "HotChocolate.Types.Shared": {
        "type": "Transitive",
        "resolved": "15.1.11",
        "contentHash": "KEDWcPoJ8j4rrIJ9rEXVwKADHj6BYxY2Ll+fh4OU5eVUfKQz6eSwKqSSxYgCX1N4cVNr2UR5WhjwnNIZvt556g==",
        "dependencies": {
          "HotChocolate.Language.SyntaxTree": "15.1.11"
        }
      },
      "HotChocolate.Utilities": {
        "type": "Transitive",
        "resolved": "15.1.11",
        "contentHash": "L3s+JcELmABlI+PTyj5tTNI/AuuHS80PLaMz2Lm+xHif8+5fb+jajzX3HimP2ERQ0HJW5rR05mh4K7jX4TN7ZA==",
        "dependencies": {
          "Microsoft.Extensions.DependencyInjection.Abstractions": "9.0.2"
        }
      },
      "HotChocolate.Utilities.DependencyInjection": {
        "type": "Transitive",
        "resolved": "15.1.11",
        "contentHash": "ArVr6ebe6EOK6KVHJb+m7Z/ZXoImY4+l8fAnk6ZZ17H/w7HJnO9maK6bGMYl9/OEc8Av/uo00+Z30YHTfaCmGw==",
        "dependencies": {
          "Microsoft.Extensions.DependencyInjection": "9.0.2"
        }
      },
      "HotChocolate.Validation": {
        "type": "Transitive",
        "resolved": "15.1.11",
        "contentHash": "jo7xuLySMNmXYuvaKK7g+Ad711xLF7ypTE+e0/jqIAVyYL50JCeunzEUP9K3wGv6I9ALsAPq0d4Is6NZpx9MXA==",
        "dependencies": {
          "HotChocolate.Types": "15.1.11",
          "Microsoft.Extensions.DependencyInjection.Abstractions": "9.0.2",
          "Microsoft.Extensions.Options": "9.0.2"
        }
      },
      "Microsoft.AspNetCore.Hosting.Server.Abstractions": {
        "type": "Transitive",
        "resolved": "2.3.0",
        "contentHash": "F5iHx7odAbFKBV1DNPDkFFcVmD5Tk7rk+tYm3LMQxHEFFdjlg5QcYb5XhHAefl5YaaPeG6ad+/ck8kSG3/D6kw==",
        "dependencies": {
          "Microsoft.AspNetCore.Http.Features": "2.3.0",
          "Microsoft.Extensions.Configuration.Abstractions": "8.0.0"
        }
      },
      "Microsoft.AspNetCore.Http.Abstractions": {
        "type": "Transitive",
        "resolved": "2.3.0",
        "contentHash": "39r9PPrjA6s0blyFv5qarckjNkaHRA5B+3b53ybuGGNTXEj1/DStQJ4NWjFL6QTRQpL9zt7nDyKxZdJOlcnq+Q==",
        "dependencies": {
          "Microsoft.AspNetCore.Http.Features": "2.3.0",
          "System.Text.Encodings.Web": "8.0.0"
        }
      },
      "Microsoft.AspNetCore.Http.Features": {
        "type": "Transitive",
        "resolved": "2.3.0",
        "contentHash": "f10WUgcsKqrkmnz6gt8HeZ7kyKjYN30PO7cSic1lPtH7paPtnQqXPOveul/SIPI43PhRD4trttg4ywnrEmmJpA==",
        "dependencies": {
          "Microsoft.Extensions.Primitives": "8.0.0"
        }
      },
      "Microsoft.AspNetCore.Metadata": {
        "type": "Transitive",
        "resolved": "9.0.10",
        "contentHash": "JY5XyecFnIvCMZrtUaI2IrZY/SYidTqTN7H+tXmXxdGlvRGGnf2uUKH47MJu9poJ/raK4SWK5uZQwhd21T2WFw=="
      },
      "Microsoft.AspNetCore.WebUtilities": {
        "type": "Transitive",
        "resolved": "2.3.0",
        "contentHash": "trbXdWzoAEUVd0PE2yTopkz4kjZaAIA7xUWekd5uBw+7xE8Do/YOVTeb9d9koPTlbtZT539aESJjSLSqD8eYrQ==",
        "dependencies": {
          "Microsoft.Net.Http.Headers": "2.3.0",
          "System.Text.Encodings.Web": "8.0.0"
        }
      },
      "Microsoft.Data.Sqlite.Core": {
        "type": "Transitive",
        "resolved": "9.0.10",
        "contentHash": "tWbN2uzG4uBxxMjcHA3Oa9ecAYjyRTfDwRbgQ7ueyx7eEgyYbBiKADY2rllF8wO3dHUvN+/8fgylwSGMfiCtVg==",
        "dependencies": {
          "SQLitePCLRaw.core": "2.1.10"
        }
      },
      "Microsoft.EntityFrameworkCore": {
        "type": "Transitive",
        "resolved": "9.0.10",
        "contentHash": "WjjxVyOTVs85V7SUe+lZjtGOEeVzF4RO8amrqL4adgbyThNq7vGCFzPw8buZj44gHeQYD5V/uZ/6XuqG9Jq+kA==",
        "dependencies": {
          "Microsoft.EntityFrameworkCore.Abstractions": "9.0.10",
          "Microsoft.EntityFrameworkCore.Analyzers": "9.0.10",
          "Microsoft.Extensions.Caching.Memory": "9.0.10",
          "Microsoft.Extensions.Logging": "9.0.10"
        }
      },
      "Microsoft.EntityFrameworkCore.Abstractions": {
        "type": "Transitive",
        "resolved": "9.0.10",
        "contentHash": "I3TWAs5Lbzmzu8S0T6qXhzBiO3CznYLrfE59W0npkqNHfWGH8CgA66LrHMWxWOXVTD4145QwYqiWNCdLwpJ1Ew=="
      },
      "Microsoft.EntityFrameworkCore.Analyzers": {
        "type": "Transitive",
        "resolved": "9.0.10",
        "contentHash": "mXNl0Gg3l3zGrClLCHepB+b7rYVuFfB9qQJwya0dUSHFuR1T0jMD8KxuNVyhQSfoWIepanhzjcG8TUNGXOcU0Q=="
      },
      "Microsoft.EntityFrameworkCore.Relational": {
        "type": "Transitive",
        "resolved": "9.0.10",
        "contentHash": "IJNrG5vdmFUvHR8FLLFg9AWpuE8qW1DTEN+fNLGbNTu6cnpZzzqU6+aknAGtTSAEVWosJ3BZ3TOO9wpifUvv3A==",
        "dependencies": {
          "Microsoft.EntityFrameworkCore": "9.0.10",
          "Microsoft.Extensions.Caching.Memory": "9.0.10",
          "Microsoft.Extensions.Configuration.Abstractions": "9.0.10",
          "Microsoft.Extensions.Logging": "9.0.10"
        }
      },
      "Microsoft.EntityFrameworkCore.Sqlite.Core": {
        "type": "Transitive",
        "resolved": "9.0.10",
        "contentHash": "6+ee+erdXSzxqB6Piys2ssldqhR8cQZJHjIPKWrh25YTYJhFUmTwB0nC8l/f+U69NoGg7ZIOwdg4+Qk2YV13Ug==",
        "dependencies": {
          "Microsoft.Data.Sqlite.Core": "9.0.10",
          "Microsoft.EntityFrameworkCore.Relational": "9.0.10",
          "Microsoft.Extensions.Caching.Memory": "9.0.10",
          "Microsoft.Extensions.Configuration.Abstractions": "9.0.10",
          "Microsoft.Extensions.DependencyModel": "9.0.10",
          "Microsoft.Extensions.Logging": "9.0.10",
          "SQLitePCLRaw.core": "2.1.10",
          "System.Text.Json": "9.0.10"
        }
      },
      "Microsoft.Extensions.Caching.Abstractions": {
        "type": "Transitive",
        "resolved": "9.0.10",
        "contentHash": "cL6iTxgJ4u5zP3eFOdBiDAtmE/B2WKTRhyJfEne7n6qvHpsMwwIDxljs210mWSO1ucBy7lR1Lo7/7kjeZeLcqQ==",
        "dependencies": {
          "Microsoft.Extensions.Primitives": "9.0.10"
        }
      },
      "Microsoft.Extensions.Caching.Memory": {
        "type": "Transitive",
        "resolved": "9.0.10",
        "contentHash": "2iuzwIoCoqZJfH2VLk1xvlQS4PQDEuhj4dWiGb+Qpt1vHFHyffp497cTO6ucsV54W/h4JmM1vzDBv8pVAFazZg==",
        "dependencies": {
          "Microsoft.Extensions.Caching.Abstractions": "9.0.10",
          "Microsoft.Extensions.DependencyInjection.Abstractions": "9.0.10",
          "Microsoft.Extensions.Logging.Abstractions": "9.0.10",
          "Microsoft.Extensions.Options": "9.0.10",
          "Microsoft.Extensions.Primitives": "9.0.10"
        }
      },
      "Microsoft.Extensions.Configuration.Abstractions": {
        "type": "Transitive",
        "resolved": "9.0.10",
        "contentHash": "ad3JxmFj0uxuFa1CT6oxTCC1lQ0xeRuOvzBRFT/I/ofIXVOnNsH/v2GZkAJWhlpZqKUvSexQZzp3EEAB2CdtJg==",
        "dependencies": {
          "Microsoft.Extensions.Primitives": "9.0.10"
        }
      },
      "Microsoft.Extensions.Configuration.Binder": {
        "type": "Transitive",
        "resolved": "9.0.0",
        "contentHash": "RiScL99DcyngY9zJA2ROrri7Br8tn5N4hP4YNvGdTN/bvg1A3dwvDOxHnNZ3Im7x2SJ5i4LkX1uPiR/MfSFBLQ==",
        "dependencies": {
          "Microsoft.Extensions.Configuration.Abstractions": "9.0.0"
        }
      },
      "Microsoft.Extensions.DependencyInjection": {
        "type": "Transitive",
        "resolved": "9.0.10",
        "contentHash": "iEtXCkNd5XhjNJAOb/wO4IhDRdLIE2CsPxZggZQWJ/q2+sa8dmEPC393nnsiqdH8/4KV8Xn25IzgKPR1UEQ0og==",
        "dependencies": {
          "Microsoft.Extensions.DependencyInjection.Abstractions": "9.0.10"
        }
      },
      "Microsoft.Extensions.DependencyInjection.Abstractions": {
        "type": "Transitive",
        "resolved": "9.0.10",
        "contentHash": "r9waLiOPe9ZF1PvzUT+RDoHvpMmY8MW+lb4lqjYGObwKpnyPMLI3odVvlmshwuZcdoHynsGWOrCPA0hxZ63lIA=="
      },
      "Microsoft.Extensions.DependencyModel": {
        "type": "Transitive",
        "resolved": "9.0.10",
        "contentHash": "qCIWxEPt6Y9Z/Vx2R6JsfX7pwxIHC2GYlkcFbTox3MpsiNexyLkvPFTNsfmAaKpjTZ6FhNmvY3BdrwLX4+X0cQ=="
      },
      "Microsoft.Extensions.Diagnostics.Abstractions": {
        "type": "Transitive",
        "resolved": "9.0.0",
        "contentHash": "1K8P7XzuzX8W8pmXcZjcrqS6x5eSSdvhQohmcpgiQNY/HlDAlnrhR9dvlURfFz428A+RTCJpUyB+aKTA6AgVcQ==",
        "dependencies": {
          "Microsoft.Extensions.DependencyInjection.Abstractions": "9.0.0",
          "Microsoft.Extensions.Options": "9.0.0"
        }
      },
      "Microsoft.Extensions.FileProviders.Abstractions": {
        "type": "Transitive",
        "resolved": "9.0.0",
        "contentHash": "uK439QzYR0q2emLVtYzwyK3x+T5bTY4yWsd/k/ZUS9LR6Sflp8MIdhGXW8kQCd86dQD4tLqvcbLkku8qHY263Q==",
        "dependencies": {
          "Microsoft.Extensions.Primitives": "9.0.0"
        }
      },
      "Microsoft.Extensions.Hosting.Abstractions": {
        "type": "Transitive",
        "resolved": "9.0.0",
        "contentHash": "yUKJgu81ExjvqbNWqZKshBbLntZMbMVz/P7Way2SBx7bMqA08Mfdc9O7hWDKAiSp+zPUGT6LKcSCQIPeDK+CCw==",
        "dependencies": {
          "Microsoft.Extensions.Configuration.Abstractions": "9.0.0",
          "Microsoft.Extensions.DependencyInjection.Abstractions": "9.0.0",
          "Microsoft.Extensions.Diagnostics.Abstractions": "9.0.0",
          "Microsoft.Extensions.FileProviders.Abstractions": "9.0.0",
          "Microsoft.Extensions.Logging.Abstractions": "9.0.0"
        }
      },
      "Microsoft.Extensions.Logging": {
        "type": "Transitive",
        "resolved": "9.0.10",
        "contentHash": "UBXHqE9vyptVhaFnT1R7YJKCve7TqVI10yjjUZBNGMlW2lZ4c031Slt9hxsOzWCzlpPxxIFyf1Yk4a6Iubxx7w==",
        "dependencies": {
          "Microsoft.Extensions.DependencyInjection": "9.0.10",
          "Microsoft.Extensions.Logging.Abstractions": "9.0.10",
          "Microsoft.Extensions.Options": "9.0.10"
        }
      },
      "Microsoft.Extensions.Logging.Abstractions": {
        "type": "Transitive",
        "resolved": "9.0.10",
        "contentHash": "MFUPv/nN1rAQ19w43smm6bbf0JDYN/1HEPHoiMYY50pvDMFpglzWAuoTavByDmZq7UuhjaxwrET3joU69ZHoHQ==",
        "dependencies": {
          "Microsoft.Extensions.DependencyInjection.Abstractions": "9.0.10"
        }
      },
      "Microsoft.Extensions.ObjectPool": {
        "type": "Transitive",
        "resolved": "9.0.2",
        "contentHash": "nWx7uY6lfkmtpyC2dGc0IxtrZZs/LnLCQHw3YYQucbqWj8a27U/dZ+eh72O3ZiolqLzzLkVzoC+w/M8dZwxRTw=="
      },
      "Microsoft.Extensions.Options": {
        "type": "Transitive",
        "resolved": "9.0.10",
        "contentHash": "zMNABt8eBv0B0XrWjFy9nZNgddavaOeq3ZdaD5IlHhRH65MrU7HM+Hd8GjWE3e2VDGFPZFfSAc6XVXC17f9fOA==",
        "dependencies": {
          "Microsoft.Extensions.DependencyInjection.Abstractions": "9.0.10",
          "Microsoft.Extensions.Primitives": "9.0.10"
        }
      },
      "Microsoft.Extensions.Options.ConfigurationExtensions": {
        "type": "Transitive",
        "resolved": "2.1.1",
        "contentHash": "NpGh3Y/VOBs6hvjKHMsdbtrvGvMO+cBqZ7YT/Rc4iFy0C4ogSnl1lBAq69L1LS6gzlwDBZDZ7WcvzSDzk5zfzA==",
        "dependencies": {
          "Microsoft.Extensions.Configuration.Abstractions": "2.1.1",
          "Microsoft.Extensions.Configuration.Binder": "2.1.1",
          "Microsoft.Extensions.DependencyInjection.Abstractions": "2.1.1",
          "Microsoft.Extensions.Options": "2.1.1"
        }
      },
      "Microsoft.Extensions.Primitives": {
        "type": "Transitive",
        "resolved": "9.0.10",
        "contentHash": "3pl8D1O5ZwMpDkZAT2uXrhQ6NipkwEgDLMFuURiHTf72TvkoMP61QYH3Vk1yrzVHnHBdNZk3cQACz8Zc7YGNhQ=="
      },
      "Microsoft.Net.Http.Headers": {
        "type": "Transitive",
        "resolved": "2.3.0",
        "contentHash": "/M0wVg6tJUOHutWD3BMOUVZAioJVXe0tCpFiovzv0T9T12TBf4MnaHP0efO8TCr1a6O9RZgQeZ9Gdark8L9XdA==",
        "dependencies": {
          "Microsoft.Extensions.Primitives": "8.0.0",
          "System.Buffers": "4.6.0"
        }
      },
      "Mono.Unix": {
        "type": "Transitive",
        "resolved": "7.1.0-final.1.21458.1",
        "contentHash": "Rhxz4A7By8Q0wEgDqR+mioDsYXGrcYMYPiWE9bSaUKMpG8yAGArhetEQV5Ms6KhKCLdQTlPYLBKPZYoKbAvT/g=="
      },
      "MySqlConnector": {
        "type": "Transitive",
        "resolved": "2.4.0",
        "contentHash": "78M+gVOjbdZEDIyXQqcA7EYlCGS3tpbUELHvn6638A2w0pkPI625ixnzsa5staAd3N9/xFmPJtkKDYwsXpFi/w==",
        "dependencies": {
          "Microsoft.Extensions.DependencyInjection.Abstractions": "8.0.2",
          "Microsoft.Extensions.Logging.Abstractions": "8.0.2"
        }
      },
      "Newtonsoft.Json": {
        "type": "Transitive",
        "resolved": "13.0.1",
        "contentHash": "ppPFpBcvxdsfUonNcvITKqLl3bqxWbDCZIzDWHzjpdAHRFfZe0Dw9HmA0+za13IdyrgJwpkDTDA9fHaxOrt20A=="
      },
      "Pipelines.Sockets.Unofficial": {
        "type": "Transitive",
        "resolved": "2.2.2",
        "contentHash": "Bhk0FWxH1paI+18zr1g5cTL+ebeuDcBCR+rRFO+fKEhretgjs7MF2Mc1P64FGLecWp4zKCUOPzngBNrqVyY7Zg==",
        "dependencies": {
          "System.IO.Pipelines": "5.0.1"
        }
      },
      "Pomelo.EntityFrameworkCore.MySql": {
        "type": "Transitive",
        "resolved": "9.0.0",
        "contentHash": "cl7S4s6CbJno0LjNxrBHNc2xxmCliR5i40ATPZk/eTywVaAbHCbdc9vbGc3QThvwGjHqrDHT8vY9m1VF/47o0g==",
        "dependencies": {
          "Microsoft.EntityFrameworkCore.Relational": "[9.0.0, 9.0.999]",
          "MySqlConnector": "2.4.0"
        }
      },
      "Serilog": {
        "type": "Transitive",
        "resolved": "4.3.0",
        "contentHash": "+cDryFR0GRhsGOnZSKwaDzRRl4MupvJ42FhCE4zhQRVanX0Jpg6WuCBk59OVhVDPmab1bB+nRykAnykYELA9qQ=="
      },
      "Serilog.Extensions.Hosting": {
        "type": "Transitive",
        "resolved": "9.0.0",
        "contentHash": "u2TRxuxbjvTAldQn7uaAwePkWxTHIqlgjelekBtilAGL5sYyF3+65NWctN4UrwwGLsDC7c3Vz3HnOlu+PcoxXg==",
        "dependencies": {
          "Microsoft.Extensions.DependencyInjection.Abstractions": "9.0.0",
          "Microsoft.Extensions.Hosting.Abstractions": "9.0.0",
          "Microsoft.Extensions.Logging.Abstractions": "9.0.0",
          "Serilog": "4.2.0",
          "Serilog.Extensions.Logging": "9.0.0"
        }
      },
      "Serilog.Extensions.Logging": {
        "type": "Transitive",
        "resolved": "9.0.0",
        "contentHash": "NwSSYqPJeKNzl5AuXVHpGbr6PkZJFlNa14CdIebVjK3k/76kYj/mz5kiTRNVSsSaxM8kAIa1kpy/qyT9E4npRQ==",
        "dependencies": {
          "Microsoft.Extensions.Logging": "9.0.0",
          "Serilog": "4.2.0"
        }
      },
      "Serilog.Formatting.Compact": {
        "type": "Transitive",
        "resolved": "3.0.0",
        "contentHash": "wQsv14w9cqlfB5FX2MZpNsTawckN4a8dryuNGbebB/3Nh1pXnROHZov3swtu3Nj5oNG7Ba+xdu7Et/ulAUPanQ==",
        "dependencies": {
          "Serilog": "4.0.0"
        }
      },
      "Serilog.Sinks.Datadog.Logs": {
        "type": "Transitive",
        "resolved": "0.6.0",
        "contentHash": "YruUOuwfqc7bpASOUDQ7sPJr4ofQ8uo3zex0nFoTPK+1Sn5+bza56cwOkLMLFl76RF+i9wod75nLrzo8oOSWKg==",
        "dependencies": {
          "Microsoft.Extensions.Options.ConfigurationExtensions": "2.1.1",
          "Serilog": "2.9.0",
          "Serilog.Sinks.PeriodicBatching": "3.1.0"
        }
      },
      "Serilog.Sinks.Debug": {
        "type": "Transitive",
        "resolved": "3.0.0",
        "contentHash": "4BzXcdrgRX7wde9PmHuYd9U6YqycCC28hhpKonK7hx0wb19eiuRj16fPcPSVp0o/Y1ipJuNLYQ00R3q2Zs8FDA==",
        "dependencies": {
          "Serilog": "4.0.0"
        }
      },
      "Serilog.Sinks.File": {
        "type": "Transitive",
        "resolved": "6.0.0",
        "contentHash": "lxjg89Y8gJMmFxVkbZ+qDgjl+T4yC5F7WSLTvA+5q0R04tfKVLRL/EHpYoJ/MEQd2EeCKDuylBIVnAYMotmh2A==",
        "dependencies": {
          "Serilog": "4.0.0"
        }
      },
      "Serilog.Sinks.PeriodicBatching": {
        "type": "Transitive",
        "resolved": "3.1.0",
        "contentHash": "NDWR7m3PalVlGEq3rzoktrXikjFMLmpwF0HI4sowo8YDdU+gqPlTHlDQiOGxHfB0sTfjPA9JjA7ctKG9zqjGkw==",
        "dependencies": {
          "Serilog": "2.0.0"
        }
      },
      "SQLitePCLRaw.core": {
        "type": "Transitive",
        "resolved": "2.1.10",
        "contentHash": "Ii8JCbC7oiVclaE/mbDEK000EFIJ+ShRPwAvvV89GOZhQ+ZLtlnSWl6ksCNMKu/VGXA4Nfi2B7LhN/QFN9oBcw==",
        "dependencies": {
          "System.Memory": "4.5.3"
        }
      },
      "StackExchange.Redis": {
        "type": "Transitive",
        "resolved": "2.6.80",
        "contentHash": "97wrhWUJ7QQfcTr+QWflB/emzHEZF7zQSRG2iRbqbaVsYvaImtrl3i4vm3/Sc+1DfQRVhPqfDUTl0XvTjabx3w==",
        "dependencies": {
          "Pipelines.Sockets.Unofficial": "2.2.2"
        }
      },
      "starkbank-ecdsa": {
        "type": "Transitive",
        "resolved": "1.3.3",
        "contentHash": "OblOaKb1enXn+dSp7tsx9yjwV+/BEKM9jFhshIkZTwCk7LuTFTp+wSon6rFzuPiIiTGtvVWQNUw2slHjGktJog=="
      },
      "System.Buffers": {
        "type": "Transitive",
        "resolved": "4.6.0",
        "contentHash": "lN6tZi7Q46zFzAbRYXTIvfXcyvQQgxnY7Xm6C6xQ9784dEL1amjM6S6Iw4ZpsvesAKnRVsM4scrDQaDqSClkjA=="
      },
      "System.ComponentModel.Annotations": {
        "type": "Transitive",
        "resolved": "5.0.0",
        "contentHash": "dMkqfy2el8A8/I76n2Hi1oBFEbG1SfxD2l5nhwXV3XjlnOmwxJlQbYpJH4W51odnU9sARCSAgv7S3CyAFMkpYg=="
      },
      "System.Diagnostics.DiagnosticSource": {
        "type": "Transitive",
        "resolved": "4.4.1",
        "contentHash": "U/KcC19fyLsPN1GLmeU2zQq15MMVcPwMOYPADVo1+WIoJpvMHxrzvl+BLLZwTEZSneGwaPFZ0aWr0nJ7B7LSdA=="
      },
      "System.IO.Hashing": {
        "type": "Transitive",
        "resolved": "8.0.0",
        "contentHash": "ne1843evDugl0md7Fjzy6QjJrzsjh46ZKbhf8GwBXb5f/gw97J4bxMs0NQKifDuThh/f0bZ0e62NPl1jzTuRqA=="
      },
      "System.IO.Pipelines": {
        "type": "Transitive",
        "resolved": "9.0.2",
        "contentHash": "UIBaK7c/A3FyQxmX/747xw4rCUkm1BhNiVU617U5jweNJssNjLJkPUGhBsrlDG0BpKWCYKsncD+Kqpy4KmvZZQ=="
      },
      "System.Memory": {
        "type": "Transitive",
        "resolved": "4.5.3",
        "contentHash": "3oDzvc/zzetpTKWMShs1AADwZjQ/36HnsufHRPcOjyRAAMLDlu2iD33MBI2opxnezcVUtXyqDXXjoFMOU9c7SA=="
      },
      "System.Text.Encodings.Web": {
        "type": "Transitive",
        "resolved": "8.0.0",
        "contentHash": "yev/k9GHAEGx2Rg3/tU6MQh4HGBXJs70y7j1LaM1i/ER9po+6nnQ6RRqTJn1E7Xu0fbIFK80Nh5EoODxrbxwBQ=="
      },
      "System.Text.Json": {
        "type": "Transitive",
        "resolved": "9.0.10",
        "contentHash": "XM02ZBnzxk7Ti6l9YRy8Bp639wANqJzJzw4W4VYiCh+HXY9hBOWkGB4k89OLP/s/RxgM02P4a/mWcJTgFiLf1Q=="
      },
      "Yarp.ReverseProxy": {
        "type": "Transitive",
        "resolved": "2.3.0",
        "contentHash": "gxtkN3a+9biu9V9Zd5NaTO6VZWXAnS2mhQ0R/VXmSPoTuiQNZsakKikrKpDtKxrL5nUYzbRsHtl40WNq+ZBKKg==",
        "dependencies": {
          "System.IO.Hashing": "8.0.0"
        }
      },
      "IZ.Core": {
        "type": "Project",
        "dependencies": {
          "HotChocolate.Abstractions": "[15.1.11, )",
          "Microsoft.Extensions.DependencyInjection.Abstractions": "[9.0.10, )",
          "System.ComponentModel.Annotations": "[5.0.0, )"
        }
      },
      "IZ.Data": {
        "type": "Project",
        "dependencies": {
          "IZ.Core": "[1.0.0, )",
          "Microsoft.EntityFrameworkCore.Sqlite.Core": "[9.0.10, )",
          "Pomelo.EntityFrameworkCore.MySql": "[9.0.0, )"
        }
      },
      "IZ.Logging.SerilogLogging": {
        "type": "Project",
        "dependencies": {
          "IZ.Core": "[1.0.0, )",
          "Serilog": "[4.3.0, )",
          "Serilog.Sinks.Console": "[6.1.1, )"
        }
      },
      "IZ.Observability.DataDog": {
        "type": "Project",
        "dependencies": {
          "Datadog.Trace": "[3.30.0, )",
          "DogStatsD-CSharp-Client": "[9.0.0, )",
          "IZ.Core": "[1.0.0, )",
          "IZ.Logging.SerilogLogging": "[1.0.0, )",
          "Serilog.Sinks.Datadog.Logs": "[0.6.0, )"
        }
      },
      "IZ.Schema": {
        "type": "Project",
        "dependencies": {
          "HotChocolate.Data.EntityFramework": "[15.1.11, )",
          "HotChocolate.Types.Scalars": "[15.1.11, )",
          "HotChocolate.Types.Scalars.Upload": "[15.1.11, )",
          "IZ.Core": "[1.0.0, )"
        }
      }
    }
  }
}